
Microsoft Visual Studio Solution File, Format Version 12.00
# Visual Studio Version 16
VisualStudioVersion = 16.0.31624.102
MinimumVisualStudioVersion = 10.0.40219.1
Project("{FAE04EC0-301F-11D3-BF4B-00C04F79EFBC}") = "ToDoApp", "ToDoApp.csproj", "{F7A3EFE8-C88C-491C-B3E4-68F32FF3A4D8}"
EndProject
Project("{2150E333-8FDC-42A3-9474-1A3956D46DE8}") = "Solution Items", "Solution Items", "{542376E0-5193-46C8-8096-44F0916A4378}"
	ProjectSection(SolutionItems) = preProject
		.editorconfig = .editorconfig
	EndProjectSection
EndProject
Global
	GlobalSection(SolutionConfigurationPlatforms) = preSolution
		Debug|Any CPU = Debug|Any CPU
		Release|Any CPU = Release|Any CPU
	EndGlobalSection
	GlobalSection(ProjectConfigurationPlatforms) = postSolution
		{F7A3EFE8-C88C-491C-B3E4-68F32FF3A4D8}.Debug|Any CPU.ActiveCfg = Debug|Any CPU
		{F7A3EFE8-C88C-491C-B3E4-68F32FF3A4D8}.Debug|Any CPU.Build.0 = Debug|Any CPU
		{F7A3EFE8-C88C-491C-B3E4-68F32FF3A4D8}.Release|Any CPU.ActiveCfg = Release|Any CPU
		{F7A3EFE8-C88C-491C-B3E4-68F32FF3A4D8}.Release|Any CPU.Build.0 = Release|Any CPU
	EndGlobalSection
	GlobalSection(SolutionProperties) = preSolution
		HideSolutionNode = FALSE
	EndGlobalSection
	GlobalSection(ExtensibilityGlobals) = postSolution
		SolutionGuid = {C3DD4C63-750C-48DA-BBF7-4BCD29C5B85D}
	EndGlobalSection
EndGlobal
